{
  "name": "trim-middleware-typespec",
  "lockfileVersion": 3,
  "requires": true,
  "packages": {
    "": {
      "dependencies": {
        "cadl-vscode": "^0.40.0"
      }
    },
    "node_modules/cadl-vscode": {
      "version": "0.40.0",
      "resolved": "https://registry.npmjs.org/cadl-vscode/-/cadl-vscode-0.40.0.tgz",
      "integrity": "sha512-fB0c/MKFEvcsuWMvL8BRKW5I2lUrkCl2Rtzl6XnqNk/hmwQDKyXpZnkNCu91xdWwMT6BapWPp6LrRj1vcm53HA==",
      "engines": {
        "vscode": "^1.53.0"
      }
    }
  }
}
